PODS:
  - Alamofire (5.6.1)
  - IQKeyboardManagerSwift (6.5.10)
  - Kingfisher (7.3.1)
  - SDWebImage (5.13.2):
    - SDWebImage/Core (= 5.13.2)
  - SDWebImage/Core (5.13.2)
  - SwiftEntryKit (2.0.0)
  - SwiftLint (0.47.1)
  - TinyConstraints (4.0.2)
  - TYImageSlider (0.0.9):
    - SDWebImage
    - TYPinchableImageView
  - TYPinchableImageView (0.0.3)

DEPENDENCIES:
  - Alamofire
  - IQKeyboardManagerSwift
  - Kingfisher (~> 7.0)
  - SwiftEntryKit (= 2.0.0)
  - SwiftLint
  - TinyConstraints
  - TYImageSlider

SPEC REPOS:
  trunk:
    - Alamofire
    - IQKeyboardManagerSwift
    - Kingfisher
    - SDWebImage
    - SwiftEntryKit
    - SwiftLint
    - TinyConstraints
    - TYImageSlider
    - TYPinchableImageView

SPEC CHECKSUMS:
  Alamofire: 87bd8c952f9a4454320fce00d9cc3de57bcadaf5
  IQKeyboardManagerSwift: 52962c76ab33532f15ad9f3ff4e5715eda5335bb
  Kingfisher: f411ab4902e733fc0c40522920fb5a236d7a7334
  SDWebImage: 72f86271a6f3139cc7e4a89220946489d4b9a866
  SwiftEntryKit: 61b5fa36f34a97dd8013e48a7345bc4c4720be9a
  SwiftLint: f80f1be7fa96d30e0aa68e58d45d4ea1ccaac519
  TinyConstraints: 7b7ccc0c485bb3bb47082138ff28bc33cd49897f
  TYImageSlider: 3ce2f92dea569776d481083a9c0a8ff2256a0947
  TYPinchableImageView: 43428dfafebab0c85129aa40313691f845d9d3d0

PODFILE CHECKSUM: 6c08210a6c8babb13d2cf0236ac8c819ef9d30a3

COCOAPODS: 1.11.3
