// !$*UTF8*$!
{
	archiveVersion = 1;
	classes = {
	};
	objectVersion = 55;
	objects = {

/* Begin PBXBuildFile section */
		538F5C7669C868C98C28716F /* Pods_OpenFashion_MehmetAtes.framework in Frameworks */ = {isa = PBXBuildFile; fileRef = 2B5FEB8E4D88CD4102ECEEA5 /* Pods_OpenFashion_MehmetAtes.framework */; };
		C09A294A289433E100AD3AB5 /* AppDelegate.swift in Sources */ = {isa = PBXBuildFile; fileRef = C09A2949289433E100AD3AB5 /* AppDelegate.swift */; };
		C09A294C289433E100AD3AB5 /* SceneDelegate.swift in Sources */ = {isa = PBXBuildFile; fileRef = C09A294B289433E100AD3AB5 /* SceneDelegate.swift */; };
		C09A294E289433E100AD3AB5 /* ViewController.swift in Sources */ = {isa = PBXBuildFile; fileRef = C09A294D289433E100AD3AB5 /* ViewController.swift */; };
		C09A2953289433E200AD3AB5 /* Assets.xcassets in Resources */ = {isa = PBXBuildFile; fileRef = C09A2952289433E200AD3AB5 /* Assets.xcassets */; };
		C09A2956289433E200AD3AB5 /* LaunchScreen.storyboard in Resources */ = {isa = PBXBuildFile; fileRef = C09A2954289433E200AD3AB5 /* LaunchScreen.storyboard */; };
		C0D6A3102895B5D800F7A25E /* NetworkService.swift in Sources */ = {isa = PBXBuildFile; fileRef = C0D6A30F2895B5D800F7A25E /* NetworkService.swift */; };
		C0D6A3142895B86A00F7A25E /* RequestModel.swift in Sources */ = {isa = PBXBuildFile; fileRef = C0D6A3132895B86A00F7A25E /* RequestModel.swift */; };
		C0D6A3162895B9D700F7A25E /* DataDecoder.swift in Sources */ = {isa = PBXBuildFile; fileRef = C0D6A3152895B9D700F7A25E /* DataDecoder.swift */; };
		C0D6A31E2895C53B00F7A25E /* IconNames.swift in Sources */ = {isa = PBXBuildFile; fileRef = C0D6A31D2895C53B00F7A25E /* IconNames.swift */; };
/* End PBXBuildFile section */

/* Begin PBXFileReference section */
		0A36BD981258552C6F5D9A32 /* Pods-OpenFashion-MehmetAtes.debug.xcconfig */ = {isa = PBXFileReference; includeInIndex = 1; lastKnownFileType = text.xcconfig; name = "Pods-OpenFashion-MehmetAtes.debug.xcconfig"; path = "Target Support Files/Pods-OpenFashion-MehmetAtes/Pods-OpenFashion-MehmetAtes.debug.xcconfig"; sourceTree = "<group>"; };
		2B5FEB8E4D88CD4102ECEEA5 /* Pods_OpenFashion_MehmetAtes.framework */ = {isa = PBXFileReference; explicitFileType = wrapper.framework; includeInIndex = 0; path = Pods_OpenFashion_MehmetAtes.framework; sourceTree = BUILT_PRODUCTS_DIR; };
		B792F158C1D8779BD3AB5D35 /* Pods-OpenFashion-MehmetAtes.release.xcconfig */ = {isa = PBXFileReference; includeInIndex = 1; lastKnownFileType = text.xcconfig; name = "Pods-OpenFashion-MehmetAtes.release.xcconfig"; path = "Target Support Files/Pods-OpenFashion-MehmetAtes/Pods-OpenFashion-MehmetAtes.release.xcconfig"; sourceTree = "<group>"; };
		C09A2946289433E100AD3AB5 /* OpenFashion-MehmetAtes.app */ = {isa = PBXFileReference; explicitFileType = wrapper.application; includeInIndex = 0; path = "OpenFashion-MehmetAtes.app"; sourceTree = BUILT_PRODUCTS_DIR; };
		C09A2949289433E100AD3AB5 /* AppDelegate.swift */ = {isa = PBXFileReference; lastKnownFileType = sourcecode.swift; path = AppDelegate.swift; sourceTree = "<group>"; };
		C09A294B289433E100AD3AB5 /* SceneDelegate.swift */ = {isa = PBXFileReference; lastKnownFileType = sourcecode.swift; path = SceneDelegate.swift; sourceTree = "<group>"; };
		C09A294D289433E100AD3AB5 /* ViewController.swift */ = {isa = PBXFileReference; lastKnownFileType = sourcecode.swift; path = ViewController.swift; sourceTree = "<group>"; };
		C09A2952289433E200AD3AB5 /* Assets.xcassets */ = {isa = PBXFileReference; lastKnownFileType = folder.assetcatalog; path = Assets.xcassets; sourceTree = "<group>"; };
		C09A2955289433E200AD3AB5 /* Base */ = {isa = PBXFileReference; lastKnownFileType = file.storyboard; name = Base; path = Base.lproj/LaunchScreen.storyboard; sourceTree = "<group>"; };
		C09A2957289433E200AD3AB5 /* Info.plist */ = {isa = PBXFileReference; lastKnownFileType = text.plist.xml; path = Info.plist; sourceTree = "<group>"; };
		C0D6A30F2895B5D800F7A25E /* NetworkService.swift */ = {isa = PBXFileReference; lastKnownFileType = sourcecode.swift; path = NetworkService.swift; sourceTree = "<group>"; };
		C0D6A3132895B86A00F7A25E /* RequestModel.swift */ = {isa = PBXFileReference; lastKnownFileType = sourcecode.swift; path = RequestModel.swift; sourceTree = "<group>"; };
		C0D6A3152895B9D700F7A25E /* DataDecoder.swift */ = {isa = PBXFileReference; lastKnownFileType = sourcecode.swift; path = DataDecoder.swift; sourceTree = "<group>"; };
		C0D6A31B2895BFBB00F7A25E /* TenorSans-Regular.ttf */ = {isa = PBXFileReference; lastKnownFileType = file; path = "TenorSans-Regular.ttf"; sourceTree = "<group>"; };
		C0D6A31D2895C53B00F7A25E /* IconNames.swift */ = {isa = PBXFileReference; lastKnownFileType = sourcecode.swift; path = IconNames.swift; sourceTree = "<group>"; };
/* End PBXFileReference section */

/* Begin PBXFrameworksBuildPhase section */
		C09A2943289433E100AD3AB5 /* Frameworks */ = {
			isa = PBXFrameworksBuildPhase;
			buildActionMask = 2147483647;
			files = (
				538F5C7669C868C98C28716F /* Pods_OpenFashion_MehmetAtes.framework in Frameworks */,
			);
			runOnlyForDeploymentPostprocessing = 0;
		};
/* End PBXFrameworksBuildPhase section */

/* Begin PBXGroup section */
		0D4D113D5AA965EAA896FF63 /* Pods */ = {
			isa = PBXGroup;
			children = (
				0A36BD981258552C6F5D9A32 /* Pods-OpenFashion-MehmetAtes.debug.xcconfig */,
				B792F158C1D8779BD3AB5D35 /* Pods-OpenFashion-MehmetAtes.release.xcconfig */,
			);
			path = Pods;
			sourceTree = "<group>";
		};
		C09A293D289433E100AD3AB5 = {
			isa = PBXGroup;
			children = (
				C09A2948289433E100AD3AB5 /* OpenFashion-MehmetAtes */,
				C09A2947289433E100AD3AB5 /* Products */,
				0D4D113D5AA965EAA896FF63 /* Pods */,
				E28EBBB1B1DB5E31189D4CD6 /* Frameworks */,
			);
			sourceTree = "<group>";
		};
		C09A2947289433E100AD3AB5 /* Products */ = {
			isa = PBXGroup;
			children = (
				C09A2946289433E100AD3AB5 /* OpenFashion-MehmetAtes.app */,
			);
			name = Products;
			sourceTree = "<group>";
		};
		C09A2948289433E100AD3AB5 /* OpenFashion-MehmetAtes */ = {
			isa = PBXGroup;
			children = (
				C0D6A31C2895C51D00F7A25E /* Constants */,
				C0D6A31A2895BF9F00F7A25E /* Fonts */,
				C0D6A3082895B09300F7A25E /* App */,
				C0D6A30A2895B0A800F7A25E /* Models */,
				C0D6A30B2895B0AE00F7A25E /* Utils */,
				C0D6A30C2895B0B400F7A25E /* Components */,
				C0D6A3092895B0A100F7A25E /* Scenes */,
				C09A2954289433E200AD3AB5 /* LaunchScreen.storyboard */,
				C09A2952289433E200AD3AB5 /* Assets.xcassets */,
				C09A2957289433E200AD3AB5 /* Info.plist */,
			);
			path = "OpenFashion-MehmetAtes";
			sourceTree = "<group>";
		};
		C0D6A3082895B09300F7A25E /* App */ = {
			isa = PBXGroup;
			children = (
				C09A2949289433E100AD3AB5 /* AppDelegate.swift */,
				C09A294B289433E100AD3AB5 /* SceneDelegate.swift */,
			);
			path = App;
			sourceTree = "<group>";
		};
		C0D6A3092895B0A100F7A25E /* Scenes */ = {
			isa = PBXGroup;
			children = (
				C09A294D289433E100AD3AB5 /* ViewController.swift */,
			);
			path = Scenes;
			sourceTree = "<group>";
		};
		C0D6A30A2895B0A800F7A25E /* Models */ = {
			isa = PBXGroup;
			children = (
				C0D6A3122895B85D00F7A25E /* Service */,
			);
			path = Models;
			sourceTree = "<group>";
		};
		C0D6A30B2895B0AE00F7A25E /* Utils */ = {
			isa = PBXGroup;
			children = (
				C0D6A3112895B5F300F7A25E /* Extensions */,
				C0D6A30E2895B5CC00F7A25E /* Services */,
			);
			path = Utils;
			sourceTree = "<group>";
		};
		C0D6A30C2895B0B400F7A25E /* Components */ = {
			isa = PBXGroup;
			children = (
			);
			path = Components;
			sourceTree = "<group>";
		};
		C0D6A30E2895B5CC00F7A25E /* Services */ = {
			isa = PBXGroup;
			children = (
				C0D6A30F2895B5D800F7A25E /* NetworkService.swift */,
			);
			path = Services;
			sourceTree = "<group>";
		};
		C0D6A3112895B5F300F7A25E /* Extensions */ = {
			isa = PBXGroup;
			children = (
				C0D6A3152895B9D700F7A25E /* DataDecoder.swift */,
			);
			path = Extensions;
			sourceTree = "<group>";
		};
		C0D6A3122895B85D00F7A25E /* Service */ = {
			isa = PBXGroup;
			children = (
				C0D6A3132895B86A00F7A25E /* RequestModel.swift */,
			);
			path = Service;
			sourceTree = "<group>";
		};
		C0D6A31A2895BF9F00F7A25E /* Fonts */ = {
			isa = PBXGroup;
			children = (
				C0D6A31B2895BFBB00F7A25E /* TenorSans-Regular.ttf */,
			);
			path = Fonts;
			sourceTree = "<group>";
		};
		C0D6A31C2895C51D00F7A25E /* Constants */ = {
			isa = PBXGroup;
			children = (
				C0D6A31D2895C53B00F7A25E /* IconNames.swift */,
			);
			path = Constants;
			sourceTree = "<group>";
		};
		E28EBBB1B1DB5E31189D4CD6 /* Frameworks */ = {
			isa = PBXGroup;
			children = (
				2B5FEB8E4D88CD4102ECEEA5 /* Pods_OpenFashion_MehmetAtes.framework */,
			);
			name = Frameworks;
			sourceTree = "<group>";
		};
/* End PBXGroup section */

/* Begin PBXNativeTarget section */
		C09A2945289433E100AD3AB5 /* OpenFashion-MehmetAtes */ = {
			isa = PBXNativeTarget;
			buildConfigurationList = C09A295A289433E200AD3AB5 /* Build configuration list for PBXNativeTarget "OpenFashion-MehmetAtes" */;
			buildPhases = (
				45A59C9B18DC1DA1F8B38848 /* [CP] Check Pods Manifest.lock */,
				C014F27E2895386E00AC88A6 /* Run SwiftLint */,
				C09A2942289433E100AD3AB5 /* Sources */,
				C09A2943289433E100AD3AB5 /* Frameworks */,
				C09A2944289433E100AD3AB5 /* Resources */,
				E1387B340A1EF23DEEBA3FF7 /* [CP] Embed Pods Frameworks */,
			);
			buildRules = (
			);
			dependencies = (
			);
			name = "OpenFashion-MehmetAtes";
			productName = "OpenFashion-MehmetAtes";
			productReference = C09A2946289433E100AD3AB5 /* OpenFashion-MehmetAtes.app */;
			productType = "com.apple.product-type.application";
		};
/* End PBXNativeTarget section */

/* Begin PBXProject section */
		C09A293E289433E100AD3AB5 /* Project object */ = {
			isa = PBXProject;
			attributes = {
				BuildIndependentTargetsInParallel = 1;
				LastSwiftUpdateCheck = 1340;
				LastUpgradeCheck = 1340;
				TargetAttributes = {
					C09A2945289433E100AD3AB5 = {
						CreatedOnToolsVersion = 13.4.1;
					};
				};
			};
			buildConfigurationList = C09A2941289433E100AD3AB5 /* Build configuration list for PBXProject "OpenFashion-MehmetAtes" */;
			compatibilityVersion = "Xcode 13.0";
			developmentRegion = en;
			hasScannedForEncodings = 0;
			knownRegions = (
				en,
				Base,
			);
			mainGroup = C09A293D289433E100AD3AB5;
			productRefGroup = C09A2947289433E100AD3AB5 /* Products */;
			projectDirPath = "";
			projectRoot = "";
			targets = (
				C09A2945289433E100AD3AB5 /* OpenFashion-MehmetAtes */,
			);
		};
/* End PBXProject section */

/* Begin PBXResourcesBuildPhase section */
		C09A2944289433E100AD3AB5 /* Resources */ = {
			isa = PBXResourcesBuildPhase;
			buildActionMask = 2147483647;
			files = (
				C09A2956289433E200AD3AB5 /* LaunchScreen.storyboard in Resources */,
				C09A2953289433E200AD3AB5 /* Assets.xcassets in Resources */,
			);
			runOnlyForDeploymentPostprocessing = 0;
		};
/* End PBXResourcesBuildPhase section */

/* Begin PBXShellScriptBuildPhase section */
		45A59C9B18DC1DA1F8B38848 /* [CP] Check Pods Manifest.lock */ = {
			isa = PBXShellScriptBuildPhase;
			buildActionMask = 2147483647;
			files = (
			);
			inputFileListPaths = (
			);
			inputPaths = (
				"${PODS_PODFILE_DIR_PATH}/Podfile.lock",
				"${PODS_ROOT}/Manifest.lock",
			);
			name = "[CP] Check Pods Manifest.lock";
			outputFileListPaths = (
			);
			outputPaths = (
				"$(DERIVED_FILE_DIR)/Pods-OpenFashion-MehmetAtes-checkManifestLockResult.txt",
			);
			runOnlyForDeploymentPostprocessing = 0;
			shellPath = /bin/sh;
			shellScript = "diff \"${PODS_PODFILE_DIR_PATH}/Podfile.lock\" \"${PODS_ROOT}/Manifest.lock\" > /dev/null\nif [ $? != 0 ] ; then\n    # print error to STDERR\n    echo \"error: The sandbox is not in sync with the Podfile.lock. Run 'pod install' or update your CocoaPods installation.\" >&2\n    exit 1\nfi\n# This output is used by Xcode 'outputs' to avoid re-running this script phase.\necho \"SUCCESS\" > \"${SCRIPT_OUTPUT_FILE_0}\"\n";
			showEnvVarsInLog = 0;
		};
		C014F27E2895386E00AC88A6 /* Run SwiftLint */ = {
			isa = PBXShellScriptBuildPhase;
			buildActionMask = 2147483647;
			files = (
			);
			inputFileListPaths = (
			);
			inputPaths = (
			);
			name = "Run SwiftLint";
			outputFileListPaths = (
			);
			outputPaths = (
			);
			runOnlyForDeploymentPostprocessing = 0;
			shellPath = /bin/sh;
			shellScript = "\"${PODS_ROOT}/SwiftLint/swiftlint\"\n";
		};
		E1387B340A1EF23DEEBA3FF7 /* [CP] Embed Pods Frameworks */ = {
			isa = PBXShellScriptBuildPhase;
			buildActionMask = 2147483647;
			files = (
			);
			inputFileListPaths = (
				"${PODS_ROOT}/Target Support Files/Pods-OpenFashion-MehmetAtes/Pods-OpenFashion-MehmetAtes-frameworks-${CONFIGURATION}-input-files.xcfilelist",
			);
			name = "[CP] Embed Pods Frameworks";
			outputFileListPaths = (
				"${PODS_ROOT}/Target Support Files/Pods-OpenFashion-MehmetAtes/Pods-OpenFashion-MehmetAtes-frameworks-${CONFIGURATION}-output-files.xcfilelist",
			);
			runOnlyForDeploymentPostprocessing = 0;
			shellPath = /bin/sh;
			shellScript = "\"${PODS_ROOT}/Target Support Files/Pods-OpenFashion-MehmetAtes/Pods-OpenFashion-MehmetAtes-frameworks.sh\"\n";
			showEnvVarsInLog = 0;
		};
/* End PBXShellScriptBuildPhase section */

/* Begin PBXSourcesBuildPhase section */
		C09A2942289433E100AD3AB5 /* Sources */ = {
			isa = PBXSourcesBuildPhase;
			buildActionMask = 2147483647;
			files = (
				C0D6A3162895B9D700F7A25E /* DataDecoder.swift in Sources */,
				C0D6A3142895B86A00F7A25E /* RequestModel.swift in Sources */,
				C09A294E289433E100AD3AB5 /* ViewController.swift in Sources */,
				C09A294A289433E100AD3AB5 /* AppDelegate.swift in Sources */,
				C0D6A3102895B5D800F7A25E /* NetworkService.swift in Sources */,
				C0D6A31E2895C53B00F7A25E /* IconNames.swift in Sources */,
				C09A294C289433E100AD3AB5 /* SceneDelegate.swift in Sources */,
			);
			runOnlyForDeploymentPostprocessing = 0;
		};
/* End PBXSourcesBuildPhase section */

/* Begin PBXVariantGroup section */
		C09A2954289433E200AD3AB5 /* LaunchScreen.storyboard */ = {
			isa = PBXVariantGroup;
			children = (
				C09A2955289433E200AD3AB5 /* Base */,
			);
			name = LaunchScreen.storyboard;
			sourceTree = "<group>";
		};
/* End PBXVariantGroup section */

/* Begin XCBuildConfiguration section */
		C09A2958289433E200AD3AB5 /* Debug */ = {
			isa = XCBuildConfiguration;
			buildSettings = {
				ALWAYS_SEARCH_USER_PATHS = NO;
				CLANG_ANALYZER_NONNULL = YES;
				CLANG_ANALYZER_NUMBER_OBJECT_CONVERSION = YES_AGGRESSIVE;
				CLANG_CXX_LANGUAGE_STANDARD = "gnu++17";
				CLANG_ENABLE_MODULES = YES;
				CLANG_ENABLE_OBJC_ARC = YES;
				CLANG_ENABLE_OBJC_WEAK = YES;
				CLANG_WARN_BLOCK_CAPTURE_AUTORELEASING = YES;
				CLANG_WARN_BOOL_CONVERSION = YES;
				CLANG_WARN_COMMA = YES;
				CLANG_WARN_CONSTANT_CONVERSION = YES;
				CLANG_WARN_DEPRECATED_OBJC_IMPLEMENTATIONS = YES;
				CLANG_WARN_DIRECT_OBJC_ISA_USAGE = YES_ERROR;
				CLANG_WARN_DOCUMENTATION_COMMENTS = YES;
				CLANG_WARN_EMPTY_BODY = YES;
				CLANG_WARN_ENUM_CONVERSION = YES;
				CLANG_WARN_INFINITE_RECURSION = YES;
				CLANG_WARN_INT_CONVERSION = YES;
				CLANG_WARN_NON_LITERAL_NULL_CONVERSION = YES;
				CLANG_WARN_OBJC_IMPLICIT_RETAIN_SELF = YES;
				CLANG_WARN_OBJC_LITERAL_CONVERSION = YES;
				CLANG_WARN_OBJC_ROOT_CLASS = YES_ERROR;
				CLANG_WARN_QUOTED_INCLUDE_IN_FRAMEWORK_HEADER = YES;
				CLANG_WARN_RANGE_LOOP_ANALYSIS = YES;
				CLANG_WARN_STRICT_PROTOTYPES = YES;
				CLANG_WARN_SUSPICIOUS_MOVE = YES;
				CLANG_WARN_UNGUARDED_AVAILABILITY = YES_AGGRESSIVE;
				CLANG_WARN_UNREACHABLE_CODE = YES;
				CLANG_WARN__DUPLICATE_METHOD_MATCH = YES;
				COPY_PHASE_STRIP = NO;
				DEBUG_INFORMATION_FORMAT = dwarf;
				ENABLE_STRICT_OBJC_MSGSEND = YES;
				ENABLE_TESTABILITY = YES;
				GCC_C_LANGUAGE_STANDARD = gnu11;
				GCC_DYNAMIC_NO_PIC = NO;
				GCC_NO_COMMON_BLOCKS = YES;
				GCC_OPTIMIZATION_LEVEL = 0;
				GCC_PREPROCESSOR_DEFINITIONS = (
					"DEBUG=1",
					"$(inherited)",
				);
				GCC_WARN_64_TO_32_BIT_CONVERSION = YES;
				GCC_WARN_ABOUT_RETURN_TYPE = YES_ERROR;
				GCC_WARN_UNDECLARED_SELECTOR = YES;
				GCC_WARN_UNINITIALIZED_AUTOS = YES_AGGRESSIVE;
				GCC_WARN_UNUSED_FUNCTION = YES;
				GCC_WARN_UNUSED_VARIABLE = YES;
				IPHONEOS_DEPLOYMENT_TARGET = 15.5;
				MTL_ENABLE_DEBUG_INFO = INCLUDE_SOURCE;
				MTL_FAST_MATH = YES;
				ONLY_ACTIVE_ARCH = YES;
				SDKROOT = iphoneos;
				SWIFT_ACTIVE_COMPILATION_CONDITIONS = DEBUG;
				SWIFT_OPTIMIZATION_LEVEL = "-Onone";
			};
			name = Debug;
		};
		C09A2959289433E200AD3AB5 /* Release */ = {
			isa = XCBuildConfiguration;
			buildSettings = {
				ALWAYS_SEARCH_USER_PATHS = NO;
				CLANG_ANALYZER_NONNULL = YES;
				CLANG_ANALYZER_NUMBER_OBJECT_CONVERSION = YES_AGGRESSIVE;
				CLANG_CXX_LANGUAGE_STANDARD = "gnu++17";
				CLANG_ENABLE_MODULES = YES;
				CLANG_ENABLE_OBJC_ARC = YES;
				CLANG_ENABLE_OBJC_WEAK = YES;
				CLANG_WARN_BLOCK_CAPTURE_AUTORELEASING = YES;
				CLANG_WARN_BOOL_CONVERSION = YES;
				CLANG_WARN_COMMA = YES;
				CLANG_WARN_CONSTANT_CONVERSION = YES;
				CLANG_WARN_DEPRECATED_OBJC_IMPLEMENTATIONS = YES;
				CLANG_WARN_DIRECT_OBJC_ISA_USAGE = YES_ERROR;
				CLANG_WARN_DOCUMENTATION_COMMENTS = YES;
				CLANG_WARN_EMPTY_BODY = YES;
				CLANG_WARN_ENUM_CONVERSION = YES;
				CLANG_WARN_INFINITE_RECURSION = YES;
				CLANG_WARN_INT_CONVERSION = YES;
				CLANG_WARN_NON_LITERAL_NULL_CONVERSION = YES;
				CLANG_WARN_OBJC_IMPLICIT_RETAIN_SELF = YES;
				CLANG_WARN_OBJC_LITERAL_CONVERSION = YES;
				CLANG_WARN_OBJC_ROOT_CLASS = YES_ERROR;
				CLANG_WARN_QUOTED_INCLUDE_IN_FRAMEWORK_HEADER = YES;
				CLANG_WARN_RANGE_LOOP_ANALYSIS = YES;
				CLANG_WARN_STRICT_PROTOTYPES = YES;
				CLANG_WARN_SUSPICIOUS_MOVE = YES;
				CLANG_WARN_UNGUARDED_AVAILABILITY = YES_AGGRESSIVE;
				CLANG_WARN_UNREACHABLE_CODE = YES;
				CLANG_WARN__DUPLICATE_METHOD_MATCH = YES;
				COPY_PHASE_STRIP = NO;
				DEBUG_INFORMATION_FORMAT = "dwarf-with-dsym";
				ENABLE_NS_ASSERTIONS = NO;
				ENABLE_STRICT_OBJC_MSGSEND = YES;
				GCC_C_LANGUAGE_STANDARD = gnu11;
				GCC_NO_COMMON_BLOCKS = YES;
				GCC_WARN_64_TO_32_BIT_CONVERSION = YES;
				GCC_WARN_ABOUT_RETURN_TYPE = YES_ERROR;
				GCC_WARN_UNDECLARED_SELECTOR = YES;
				GCC_WARN_UNINITIALIZED_AUTOS = YES_AGGRESSIVE;
				GCC_WARN_UNUSED_FUNCTION = YES;
				GCC_WARN_UNUSED_VARIABLE = YES;
				IPHONEOS_DEPLOYMENT_TARGET = 15.5;
				MTL_ENABLE_DEBUG_INFO = NO;
				MTL_FAST_MATH = YES;
				SDKROOT = iphoneos;
				SWIFT_COMPILATION_MODE = wholemodule;
				SWIFT_OPTIMIZATION_LEVEL = "-O";
				VALIDATE_PRODUCT = YES;
			};
			name = Release;
		};
		C09A295B289433E200AD3AB5 /* Debug */ = {
			isa = XCBuildConfiguration;
			baseConfigurationReference = 0A36BD981258552C6F5D9A32 /* Pods-OpenFashion-MehmetAtes.debug.xcconfig */;
			buildSettings = {
				ASSETCATALOG_COMPILER_APPICON_NAME = AppIcon;
				ASSETCATALOG_COMPILER_GLOBAL_ACCENT_COLOR_NAME = AccentColor;
				CODE_SIGN_STYLE = Automatic;
				CURRENT_PROJECT_VERSION = 1;
				DEVELOPMENT_TEAM = 6PALB6K8YY;
				GENERATE_INFOPLIST_FILE = YES;
				INFOPLIST_FILE = "OpenFashion-MehmetAtes/Info.plist";
				INFOPLIST_KEY_UIApplicationSupportsIndirectInputEvents = YES;
				INFOPLIST_KEY_UILaunchStoryboardName = LaunchScreen;
				INFOPLIST_KEY_UISupportedInterfaceOrientations_iPad = "UIInterfaceOrientationPortrait UIInterfaceOrientationPortraitUpsideDown UIInterfaceOrientationLandscapeLeft UIInterfaceOrientationLandscapeRight";
				INFOPLIST_KEY_UISupportedInterfaceOrientations_iPhone = "UIInterfaceOrientationPortrait UIInterfaceOrientationLandscapeLeft UIInterfaceOrientationLandscapeRight";
				LD_RUNPATH_SEARCH_PATHS = (
					"$(inherited)",
					"@executable_path/Frameworks",
				);
				MARKETING_VERSION = 1.0;
				PRODUCT_BUNDLE_IDENTIFIER = "com.devmehmetates.OpenFashion-MehmetAtes";
				PRODUCT_NAME = "$(TARGET_NAME)";
				SWIFT_EMIT_LOC_STRINGS = YES;
				SWIFT_VERSION = 5.0;
				TARGETED_DEVICE_FAMILY = "1,2";
			};
			name = Debug;
		};
		C09A295C289433E200AD3AB5 /* Release */ = {
			isa = XCBuildConfiguration;
			baseConfigurationReference = B792F158C1D8779BD3AB5D35 /* Pods-OpenFashion-MehmetAtes.release.xcconfig */;
			buildSettings = {
				ASSETCATALOG_COMPILER_APPICON_NAME = AppIcon;
				ASSETCATALOG_COMPILER_GLOBAL_ACCENT_COLOR_NAME = AccentColor;
				CODE_SIGN_STYLE = Automatic;
				CURRENT_PROJECT_VERSION = 1;
				DEVELOPMENT_TEAM = 6PALB6K8YY;
				GENERATE_INFOPLIST_FILE = YES;
				INFOPLIST_FILE = "OpenFashion-MehmetAtes/Info.plist";
				INFOPLIST_KEY_UIApplicationSupportsIndirectInputEvents = YES;
				INFOPLIST_KEY_UILaunchStoryboardName = LaunchScreen;
				INFOPLIST_KEY_UISupportedInterfaceOrientations_iPad = "UIInterfaceOrientationPortrait UIInterfaceOrientationPortraitUpsideDown UIInterfaceOrientationLandscapeLeft UIInterfaceOrientationLandscapeRight";
				INFOPLIST_KEY_UISupportedInterfaceOrientations_iPhone = "UIInterfaceOrientationPortrait UIInterfaceOrientationLandscapeLeft UIInterfaceOrientationLandscapeRight";
				LD_RUNPATH_SEARCH_PATHS = (
					"$(inherited)",
					"@executable_path/Frameworks",
				);
				MARKETING_VERSION = 1.0;
				PRODUCT_BUNDLE_IDENTIFIER = "com.devmehmetates.OpenFashion-MehmetAtes";
				PRODUCT_NAME = "$(TARGET_NAME)";
				SWIFT_EMIT_LOC_STRINGS = YES;
				SWIFT_VERSION = 5.0;
				TARGETED_DEVICE_FAMILY = "1,2";
			};
			name = Release;
		};
/* End XCBuildConfiguration section */

/* Begin XCConfigurationList section */
		C09A2941289433E100AD3AB5 /* Build configuration list for PBXProject "OpenFashion-MehmetAtes" */ = {
			isa = XCConfigurationList;
			buildConfigurations = (
				C09A2958289433E200AD3AB5 /* Debug */,
				C09A2959289433E200AD3AB5 /* Release */,
			);
			defaultConfigurationIsVisible = 0;
			defaultConfigurationName = Release;
		};
		C09A295A289433E200AD3AB5 /* Build configuration list for PBXNativeTarget "OpenFashion-MehmetAtes" */ = {
			isa = XCConfigurationList;
			buildConfigurations = (
				C09A295B289433E200AD3AB5 /* Debug */,
				C09A295C289433E200AD3AB5 /* Release */,
			);
			defaultConfigurationIsVisible = 0;
			defaultConfigurationName = Release;
		};
/* End XCConfigurationList section */
	};
	rootObject = C09A293E289433E100AD3AB5 /* Project object */;
}
