// !$*UTF8*$!
{
	archiveVersion = 1;
	classes = {
	};
	objectVersion = 55;
	objects = {

/* Begin PBXBuildFile section */
		C013BF94298AF4840020052C /* ProductCollectionViewCell.swift in Sources */ = {isa = PBXBuildFile; fileRef = C013BF93298AF4840020052C /* ProductCollectionViewCell.swift */; };
		C036F24D289950B400174E94 /* NetworkConstants.swift in Sources */ = {isa = PBXBuildFile; fileRef = C036F24C289950B400174E94 /* NetworkConstants.swift */; };
		C036F24F2899558C00174E94 /* ViewBounds.swift in Sources */ = {isa = PBXBuildFile; fileRef = C036F24E2899558C00174E94 /* ViewBounds.swift */; };
		C036F2512899561D00174E94 /* SpaceConstants.swift in Sources */ = {isa = PBXBuildFile; fileRef = C036F2502899561D00174E94 /* SpaceConstants.swift */; };
		C036F25628995A6100174E94 /* ProductCollectionView.swift in Sources */ = {isa = PBXBuildFile; fileRef = C036F25528995A6100174E94 /* ProductCollectionView.swift */; };
		C05A99612988456800CE43AB /* Kingfisher in Frameworks */ = {isa = PBXBuildFile; productRef = C05A99602988456800CE43AB /* Kingfisher */; };
		C05A99642988457400CE43AB /* TinyConstraints in Frameworks */ = {isa = PBXBuildFile; productRef = C05A99632988457400CE43AB /* TinyConstraints */; };
		C05A99672988458700CE43AB /* IQKeyboardManagerSwift in Frameworks */ = {isa = PBXBuildFile; productRef = C05A99662988458700CE43AB /* IQKeyboardManagerSwift */; };
		C05A996A298845DA00CE43AB /* Alamofire in Frameworks */ = {isa = PBXBuildFile; productRef = C05A9969298845DA00CE43AB /* Alamofire */; };
		C05A996D2988464F00CE43AB /* TYAutoCompleteTextField in Frameworks */ = {isa = PBXBuildFile; productRef = C05A996C2988464F00CE43AB /* TYAutoCompleteTextField */; };
		C05A996F2988464F00CE43AB /* TYContinuousPagingView in Frameworks */ = {isa = PBXBuildFile; productRef = C05A996E2988464F00CE43AB /* TYContinuousPagingView */; };
		C05A99712988464F00CE43AB /* TYImageSlider in Frameworks */ = {isa = PBXBuildFile; productRef = C05A99702988464F00CE43AB /* TYImageSlider */; };
		C05A99732988464F00CE43AB /* TYLinkLabel in Frameworks */ = {isa = PBXBuildFile; productRef = C05A99722988464F00CE43AB /* TYLinkLabel */; };
		C05A99752988464F00CE43AB /* TYPinchableImageView in Frameworks */ = {isa = PBXBuildFile; productRef = C05A99742988464F00CE43AB /* TYPinchableImageView */; };
		C05A99772988464F00CE43AB /* TYPropertyWrapper in Frameworks */ = {isa = PBXBuildFile; productRef = C05A99762988464F00CE43AB /* TYPropertyWrapper */; };
		C05A99792988464F00CE43AB /* TYStatusBarView in Frameworks */ = {isa = PBXBuildFile; productRef = C05A99782988464F00CE43AB /* TYStatusBarView */; };
		C05A997D29884B2E00CE43AB /* HomeRouter.swift in Sources */ = {isa = PBXBuildFile; fileRef = C05A997C29884B2E00CE43AB /* HomeRouter.swift */; };
		C05A997F29884B3D00CE43AB /* HomeInteractor.swift in Sources */ = {isa = PBXBuildFile; fileRef = C05A997E29884B3D00CE43AB /* HomeInteractor.swift */; };
		C05A998129884B4700CE43AB /* HomePresenter.swift in Sources */ = {isa = PBXBuildFile; fileRef = C05A998029884B4700CE43AB /* HomePresenter.swift */; };
		C05A998529884B6000CE43AB /* HomeViewController.swift in Sources */ = {isa = PBXBuildFile; fileRef = C05A998429884B6000CE43AB /* HomeViewController.swift */; };
		C083D838298C240300EFC678 /* NetworkManager.swift in Sources */ = {isa = PBXBuildFile; fileRef = C083D837298C240300EFC678 /* NetworkManager.swift */; };
		C083D83B298C304800EFC678 /* HomeViewApiEnum.swift in Sources */ = {isa = PBXBuildFile; fileRef = C083D83A298C304800EFC678 /* HomeViewApiEnum.swift */; };
		C09A294A289433E100AD3AB5 /* AppDelegate.swift in Sources */ = {isa = PBXBuildFile; fileRef = C09A2949289433E100AD3AB5 /* AppDelegate.swift */; };
		C09A294C289433E100AD3AB5 /* SceneDelegate.swift in Sources */ = {isa = PBXBuildFile; fileRef = C09A294B289433E100AD3AB5 /* SceneDelegate.swift */; };
		C09A2953289433E200AD3AB5 /* Assets.xcassets in Resources */ = {isa = PBXBuildFile; fileRef = C09A2952289433E200AD3AB5 /* Assets.xcassets */; };
		C09A2956289433E200AD3AB5 /* LaunchScreen.storyboard in Resources */ = {isa = PBXBuildFile; fileRef = C09A2954289433E200AD3AB5 /* LaunchScreen.storyboard */; };
		C0B0D6C3289BC86C006F20DC /* AppContants.swift in Sources */ = {isa = PBXBuildFile; fileRef = C0B0D6C2289BC86C006F20DC /* AppContants.swift */; };
		C0B0D6C5289BC9F2006F20DC /* ProductCategory.swift in Sources */ = {isa = PBXBuildFile; fileRef = C0B0D6C4289BC9F2006F20DC /* ProductCategory.swift */; };
		C0B0D6CB289C0495006F20DC /* SearchViewController.swift in Sources */ = {isa = PBXBuildFile; fileRef = C0B0D6CA289C0495006F20DC /* SearchViewController.swift */; };
		C0B0D6CE289C09B9006F20DC /* SearchViewModel.swift in Sources */ = {isa = PBXBuildFile; fileRef = C0B0D6CD289C09B9006F20DC /* SearchViewModel.swift */; };
		C0D6A3102895B5D800F7A25E /* NetworkService.swift in Sources */ = {isa = PBXBuildFile; fileRef = C0D6A30F2895B5D800F7A25E /* NetworkService.swift */; };
		C0D6A3142895B86A00F7A25E /* RequestModel.swift in Sources */ = {isa = PBXBuildFile; fileRef = C0D6A3132895B86A00F7A25E /* RequestModel.swift */; };
		C0D6A3162895B9D700F7A25E /* DataDecoder.swift in Sources */ = {isa = PBXBuildFile; fileRef = C0D6A3152895B9D700F7A25E /* DataDecoder.swift */; };
		C0D6A31E2895C53B00F7A25E /* IconNames.swift in Sources */ = {isa = PBXBuildFile; fileRef = C0D6A31D2895C53B00F7A25E /* IconNames.swift */; };
		C0D6A3202895C8D800F7A25E /* ColorNames.swift in Sources */ = {isa = PBXBuildFile; fileRef = C0D6A31F2895C8D800F7A25E /* ColorNames.swift */; };
		C0E963872897FB7100DCB830 /* ProductModel.swift in Sources */ = {isa = PBXBuildFile; fileRef = C0E963862897FB7100DCB830 /* ProductModel.swift */; };
		C0E963892897FD0100DCB830 /* HomeViewModel.swift in Sources */ = {isa = PBXBuildFile; fileRef = C0E963882897FD0100DCB830 /* HomeViewModel.swift */; };
		C0EF152628967B5D00C38B42 /* TabBarViewController.swift in Sources */ = {isa = PBXBuildFile; fileRef = C0EF152528967B5D00C38B42 /* TabBarViewController.swift */; };
		C0EF152A289683C600C38B42 /* AppTexts.swift in Sources */ = {isa = PBXBuildFile; fileRef = C0EF1529289683C600C38B42 /* AppTexts.swift */; };
		C0EF152F28968CC600C38B42 /* HomeViewController2.swift in Sources */ = {isa = PBXBuildFile; fileRef = C0EF152E28968CC600C38B42 /* HomeViewController2.swift */; };
		C0EF153128969A4200C38B42 /* StaticDatas.swift in Sources */ = {isa = PBXBuildFile; fileRef = C0EF153028969A4200C38B42 /* StaticDatas.swift */; };
		C0EF153228969E2B00C38B42 /* TenorSans-Regular.ttf in Resources */ = {isa = PBXBuildFile; fileRef = C0D6A31B2895BFBB00F7A25E /* TenorSans-Regular.ttf */; };
		C0EF15342896AB9F00C38B42 /* DividerView.swift in Sources */ = {isa = PBXBuildFile; fileRef = C0EF15332896AB9F00C38B42 /* DividerView.swift */; };
/* End PBXBuildFile section */

/* Begin PBXFileReference section */
		C013BF93298AF4840020052C /* ProductCollectionViewCell.swift */ = {isa = PBXFileReference; lastKnownFileType = sourcecode.swift; path = ProductCollectionViewCell.swift; sourceTree = "<group>"; };
		C036F24C289950B400174E94 /* NetworkConstants.swift */ = {isa = PBXFileReference; lastKnownFileType = sourcecode.swift; path = NetworkConstants.swift; sourceTree = "<group>"; };
		C036F24E2899558C00174E94 /* ViewBounds.swift */ = {isa = PBXFileReference; lastKnownFileType = sourcecode.swift; path = ViewBounds.swift; sourceTree = "<group>"; };
		C036F2502899561D00174E94 /* SpaceConstants.swift */ = {isa = PBXFileReference; lastKnownFileType = sourcecode.swift; path = SpaceConstants.swift; sourceTree = "<group>"; };
		C036F25528995A6100174E94 /* ProductCollectionView.swift */ = {isa = PBXFileReference; lastKnownFileType = sourcecode.swift; path = ProductCollectionView.swift; sourceTree = "<group>"; };
		C05A997C29884B2E00CE43AB /* HomeRouter.swift */ = {isa = PBXFileReference; lastKnownFileType = sourcecode.swift; path = HomeRouter.swift; sourceTree = "<group>"; };
		C05A997E29884B3D00CE43AB /* HomeInteractor.swift */ = {isa = PBXFileReference; lastKnownFileType = sourcecode.swift; path = HomeInteractor.swift; sourceTree = "<group>"; };
		C05A998029884B4700CE43AB /* HomePresenter.swift */ = {isa = PBXFileReference; lastKnownFileType = sourcecode.swift; path = HomePresenter.swift; sourceTree = "<group>"; };
		C05A998429884B6000CE43AB /* HomeViewController.swift */ = {isa = PBXFileReference; lastKnownFileType = sourcecode.swift; path = HomeViewController.swift; sourceTree = "<group>"; };
		C083D837298C240300EFC678 /* NetworkManager.swift */ = {isa = PBXFileReference; lastKnownFileType = sourcecode.swift; path = NetworkManager.swift; sourceTree = "<group>"; };
		C083D83A298C304800EFC678 /* HomeViewApiEnum.swift */ = {isa = PBXFileReference; lastKnownFileType = sourcecode.swift; path = HomeViewApiEnum.swift; sourceTree = "<group>"; };
		C09A2946289433E100AD3AB5 /* OpenFashion-MehmetAtes.app */ = {isa = PBXFileReference; explicitFileType = wrapper.application; includeInIndex = 0; path = "OpenFashion-MehmetAtes.app"; sourceTree = BUILT_PRODUCTS_DIR; };
		C09A2949289433E100AD3AB5 /* AppDelegate.swift */ = {isa = PBXFileReference; lastKnownFileType = sourcecode.swift; path = AppDelegate.swift; sourceTree = "<group>"; };
		C09A294B289433E100AD3AB5 /* SceneDelegate.swift */ = {isa = PBXFileReference; lastKnownFileType = sourcecode.swift; path = SceneDelegate.swift; sourceTree = "<group>"; };
		C09A2952289433E200AD3AB5 /* Assets.xcassets */ = {isa = PBXFileReference; lastKnownFileType = folder.assetcatalog; path = Assets.xcassets; sourceTree = "<group>"; };
		C09A2955289433E200AD3AB5 /* Base */ = {isa = PBXFileReference; lastKnownFileType = file.storyboard; name = Base; path = Base.lproj/LaunchScreen.storyboard; sourceTree = "<group>"; };
		C09A2957289433E200AD3AB5 /* Info.plist */ = {isa = PBXFileReference; lastKnownFileType = text.plist.xml; path = Info.plist; sourceTree = "<group>"; };
		C0B0D6C2289BC86C006F20DC /* AppContants.swift */ = {isa = PBXFileReference; lastKnownFileType = sourcecode.swift; path = AppContants.swift; sourceTree = "<group>"; };
		C0B0D6C4289BC9F2006F20DC /* ProductCategory.swift */ = {isa = PBXFileReference; lastKnownFileType = sourcecode.swift; path = ProductCategory.swift; sourceTree = "<group>"; };
		C0B0D6CA289C0495006F20DC /* SearchViewController.swift */ = {isa = PBXFileReference; lastKnownFileType = sourcecode.swift; path = SearchViewController.swift; sourceTree = "<group>"; };
		C0B0D6CD289C09B9006F20DC /* SearchViewModel.swift */ = {isa = PBXFileReference; lastKnownFileType = sourcecode.swift; path = SearchViewModel.swift; sourceTree = "<group>"; };
		C0D6A30F2895B5D800F7A25E /* NetworkService.swift */ = {isa = PBXFileReference; lastKnownFileType = sourcecode.swift; path = NetworkService.swift; sourceTree = "<group>"; };
		C0D6A3132895B86A00F7A25E /* RequestModel.swift */ = {isa = PBXFileReference; lastKnownFileType = sourcecode.swift; path = RequestModel.swift; sourceTree = "<group>"; };
		C0D6A3152895B9D700F7A25E /* DataDecoder.swift */ = {isa = PBXFileReference; lastKnownFileType = sourcecode.swift; path = DataDecoder.swift; sourceTree = "<group>"; };
		C0D6A31B2895BFBB00F7A25E /* TenorSans-Regular.ttf */ = {isa = PBXFileReference; lastKnownFileType = file; path = "TenorSans-Regular.ttf"; sourceTree = "<group>"; };
		C0D6A31D2895C53B00F7A25E /* IconNames.swift */ = {isa = PBXFileReference; lastKnownFileType = sourcecode.swift; path = IconNames.swift; sourceTree = "<group>"; };
		C0D6A31F2895C8D800F7A25E /* ColorNames.swift */ = {isa = PBXFileReference; lastKnownFileType = sourcecode.swift; path = ColorNames.swift; sourceTree = "<group>"; };
		C0E963862897FB7100DCB830 /* ProductModel.swift */ = {isa = PBXFileReference; lastKnownFileType = sourcecode.swift; path = ProductModel.swift; sourceTree = "<group>"; };
		C0E963882897FD0100DCB830 /* HomeViewModel.swift */ = {isa = PBXFileReference; lastKnownFileType = sourcecode.swift; path = HomeViewModel.swift; sourceTree = "<group>"; };
		C0EF152528967B5D00C38B42 /* TabBarViewController.swift */ = {isa = PBXFileReference; lastKnownFileType = sourcecode.swift; path = TabBarViewController.swift; sourceTree = "<group>"; };
		C0EF1529289683C600C38B42 /* AppTexts.swift */ = {isa = PBXFileReference; lastKnownFileType = sourcecode.swift; path = AppTexts.swift; sourceTree = "<group>"; };
		C0EF152E28968CC600C38B42 /* HomeViewController2.swift */ = {isa = PBXFileReference; lastKnownFileType = sourcecode.swift; path = HomeViewController2.swift; sourceTree = "<group>"; };
		C0EF153028969A4200C38B42 /* StaticDatas.swift */ = {isa = PBXFileReference; lastKnownFileType = sourcecode.swift; path = StaticDatas.swift; sourceTree = "<group>"; };
		C0EF15332896AB9F00C38B42 /* DividerView.swift */ = {isa = PBXFileReference; lastKnownFileType = sourcecode.swift; path = DividerView.swift; sourceTree = "<group>"; };
/* End PBXFileReference section */

/* Begin PBXFrameworksBuildPhase section */
		C09A2943289433E100AD3AB5 /* Frameworks */ = {
			isa = PBXFrameworksBuildPhase;
			buildActionMask = 2147483647;
			files = (
				C05A99752988464F00CE43AB /* TYPinchableImageView in Frameworks */,
				C05A99612988456800CE43AB /* Kingfisher in Frameworks */,
				C05A996A298845DA00CE43AB /* Alamofire in Frameworks */,
				C05A99712988464F00CE43AB /* TYImageSlider in Frameworks */,
				C05A996D2988464F00CE43AB /* TYAutoCompleteTextField in Frameworks */,
				C05A99642988457400CE43AB /* TinyConstraints in Frameworks */,
				C05A99672988458700CE43AB /* IQKeyboardManagerSwift in Frameworks */,
				C05A99732988464F00CE43AB /* TYLinkLabel in Frameworks */,
				C05A99772988464F00CE43AB /* TYPropertyWrapper in Frameworks */,
				C05A996F2988464F00CE43AB /* TYContinuousPagingView in Frameworks */,
				C05A99792988464F00CE43AB /* TYStatusBarView in Frameworks */,
			);
			runOnlyForDeploymentPostprocessing = 0;
		};
/* End PBXFrameworksBuildPhase section */

/* Begin PBXGroup section */
		C036F2522899583B00174E94 /* Components */ = {
			isa = PBXGroup;
			children = (
			);
			path = Components;
			sourceTree = "<group>";
		};
		C05A997B29884B1C00CE43AB /* Home */ = {
			isa = PBXGroup;
			children = (
				C083D83C298C304B00EFC678 /* Data */,
				C05A998029884B4700CE43AB /* HomePresenter.swift */,
				C05A998429884B6000CE43AB /* HomeViewController.swift */,
				C05A997C29884B2E00CE43AB /* HomeRouter.swift */,
			);
			path = Home;
			sourceTree = "<group>";
		};
		C05A998929886B8E00CE43AB /* Legacy */ = {
			isa = PBXGroup;
			children = (
				C0E963842897FB2200DCB830 /* HomeMM1 */,
				C0B0D6C7289BEEE5006F20DC /* Search */,
			);
			path = Legacy;
			sourceTree = "<group>";
		};
		C083D83C298C304B00EFC678 /* Data */ = {
			isa = PBXGroup;
			children = (
				C083D83A298C304800EFC678 /* HomeViewApiEnum.swift */,
				C05A997E29884B3D00CE43AB /* HomeInteractor.swift */,
			);
			path = Data;
			sourceTree = "<group>";
		};
		C09A293D289433E100AD3AB5 = {
			isa = PBXGroup;
			children = (
				C09A2948289433E100AD3AB5 /* OpenFashion-MehmetAtes */,
				C09A2947289433E100AD3AB5 /* Products */,
			);
			sourceTree = "<group>";
		};
		C09A2947289433E100AD3AB5 /* Products */ = {
			isa = PBXGroup;
			children = (
				C09A2946289433E100AD3AB5 /* OpenFashion-MehmetAtes.app */,
			);
			name = Products;
			sourceTree = "<group>";
		};
		C09A2948289433E100AD3AB5 /* OpenFashion-MehmetAtes */ = {
			isa = PBXGroup;
			children = (
				C0D6A31C2895C51D00F7A25E /* Constants */,
				C0D6A31A2895BF9F00F7A25E /* Fonts */,
				C0D6A3082895B09300F7A25E /* App */,
				C0D6A30A2895B0A800F7A25E /* Models */,
				C0D6A30B2895B0AE00F7A25E /* Utils */,
				C0D6A30C2895B0B400F7A25E /* Components */,
				C0D6A3092895B0A100F7A25E /* Scenes */,
				C09A2954289433E200AD3AB5 /* LaunchScreen.storyboard */,
				C09A2952289433E200AD3AB5 /* Assets.xcassets */,
				C09A2957289433E200AD3AB5 /* Info.plist */,
			);
			path = "OpenFashion-MehmetAtes";
			sourceTree = "<group>";
		};
		C0B0D6C6289BCA0D006F20DC /* Product */ = {
			isa = PBXGroup;
			children = (
				C0E963862897FB7100DCB830 /* ProductModel.swift */,
				C0B0D6C4289BC9F2006F20DC /* ProductCategory.swift */,
			);
			path = Product;
			sourceTree = "<group>";
		};
		C0B0D6C7289BEEE5006F20DC /* Search */ = {
			isa = PBXGroup;
			children = (
				C0B0D6CA289C0495006F20DC /* SearchViewController.swift */,
				C0B0D6CD289C09B9006F20DC /* SearchViewModel.swift */,
			);
			path = Search;
			sourceTree = "<group>";
		};
		C0D6A3082895B09300F7A25E /* App */ = {
			isa = PBXGroup;
			children = (
				C09A2949289433E100AD3AB5 /* AppDelegate.swift */,
				C09A294B289433E100AD3AB5 /* SceneDelegate.swift */,
			);
			path = App;
			sourceTree = "<group>";
		};
		C0D6A3092895B0A100F7A25E /* Scenes */ = {
			isa = PBXGroup;
			children = (
				C05A998929886B8E00CE43AB /* Legacy */,
				C05A997B29884B1C00CE43AB /* Home */,
				C0EF152528967B5D00C38B42 /* TabBarViewController.swift */,
			);
			path = Scenes;
			sourceTree = "<group>";
		};
		C0D6A30A2895B0A800F7A25E /* Models */ = {
			isa = PBXGroup;
			children = (
				C0B0D6C6289BCA0D006F20DC /* Product */,
				C0D6A3122895B85D00F7A25E /* Service */,
			);
			path = Models;
			sourceTree = "<group>";
		};
		C0D6A30B2895B0AE00F7A25E /* Utils */ = {
			isa = PBXGroup;
			children = (
				C0D6A3112895B5F300F7A25E /* Extensions */,
				C0D6A30E2895B5CC00F7A25E /* Services */,
			);
			path = Utils;
			sourceTree = "<group>";
		};
		C0D6A30C2895B0B400F7A25E /* Components */ = {
			isa = PBXGroup;
			children = (
				C036F25528995A6100174E94 /* ProductCollectionView.swift */,
				C013BF93298AF4840020052C /* ProductCollectionViewCell.swift */,
			);
			path = Components;
			sourceTree = "<group>";
		};
		C0D6A30E2895B5CC00F7A25E /* Services */ = {
			isa = PBXGroup;
			children = (
				C0D6A30F2895B5D800F7A25E /* NetworkService.swift */,
				C083D837298C240300EFC678 /* NetworkManager.swift */,
			);
			path = Services;
			sourceTree = "<group>";
		};
		C0D6A3112895B5F300F7A25E /* Extensions */ = {
			isa = PBXGroup;
			children = (
				C0D6A3152895B9D700F7A25E /* DataDecoder.swift */,
				C0EF15332896AB9F00C38B42 /* DividerView.swift */,
				C036F24E2899558C00174E94 /* ViewBounds.swift */,
			);
			path = Extensions;
			sourceTree = "<group>";
		};
		C0D6A3122895B85D00F7A25E /* Service */ = {
			isa = PBXGroup;
			children = (
				C0D6A3132895B86A00F7A25E /* RequestModel.swift */,
			);
			path = Service;
			sourceTree = "<group>";
		};
		C0D6A31A2895BF9F00F7A25E /* Fonts */ = {
			isa = PBXGroup;
			children = (
				C0D6A31B2895BFBB00F7A25E /* TenorSans-Regular.ttf */,
			);
			path = Fonts;
			sourceTree = "<group>";
		};
		C0D6A31C2895C51D00F7A25E /* Constants */ = {
			isa = PBXGroup;
			children = (
				C0D6A31D2895C53B00F7A25E /* IconNames.swift */,
				C0D6A31F2895C8D800F7A25E /* ColorNames.swift */,
				C0EF1529289683C600C38B42 /* AppTexts.swift */,
				C0EF153028969A4200C38B42 /* StaticDatas.swift */,
				C036F24C289950B400174E94 /* NetworkConstants.swift */,
				C036F2502899561D00174E94 /* SpaceConstants.swift */,
				C0B0D6C2289BC86C006F20DC /* AppContants.swift */,
			);
			path = Constants;
			sourceTree = "<group>";
		};
		C0E963842897FB2200DCB830 /* HomeMM1 */ = {
			isa = PBXGroup;
			children = (
				C036F2522899583B00174E94 /* Components */,
				C0EF152E28968CC600C38B42 /* HomeViewController2.swift */,
				C0E963882897FD0100DCB830 /* HomeViewModel.swift */,
			);
			path = HomeMM1;
			sourceTree = "<group>";
		};
/* End PBXGroup section */

/* Begin PBXNativeTarget section */
		C09A2945289433E100AD3AB5 /* OpenFashion-MehmetAtes */ = {
			isa = PBXNativeTarget;
			buildConfigurationList = C09A295A289433E200AD3AB5 /* Build configuration list for PBXNativeTarget "OpenFashion-MehmetAtes" */;
			buildPhases = (
				C05A995E2988453300CE43AB /* Run Swiftlint */,
				C09A2942289433E100AD3AB5 /* Sources */,
				C09A2943289433E100AD3AB5 /* Frameworks */,
				C09A2944289433E100AD3AB5 /* Resources */,
			);
			buildRules = (
			);
			dependencies = (
			);
			name = "OpenFashion-MehmetAtes";
			packageProductDependencies = (
				C05A99602988456800CE43AB /* Kingfisher */,
				C05A99632988457400CE43AB /* TinyConstraints */,
				C05A99662988458700CE43AB /* IQKeyboardManagerSwift */,
				C05A9969298845DA00CE43AB /* Alamofire */,
				C05A996C2988464F00CE43AB /* TYAutoCompleteTextField */,
				C05A996E2988464F00CE43AB /* TYContinuousPagingView */,
				C05A99702988464F00CE43AB /* TYImageSlider */,
				C05A99722988464F00CE43AB /* TYLinkLabel */,
				C05A99742988464F00CE43AB /* TYPinchableImageView */,
				C05A99762988464F00CE43AB /* TYPropertyWrapper */,
				C05A99782988464F00CE43AB /* TYStatusBarView */,
			);
			productName = "OpenFashion-MehmetAtes";
			productReference = C09A2946289433E100AD3AB5 /* OpenFashion-MehmetAtes.app */;
			productType = "com.apple.product-type.application";
		};
/* End PBXNativeTarget section */

/* Begin PBXProject section */
		C09A293E289433E100AD3AB5 /* Project object */ = {
			isa = PBXProject;
			attributes = {
				BuildIndependentTargetsInParallel = 1;
				LastSwiftUpdateCheck = 1340;
				LastUpgradeCheck = 1340;
				TargetAttributes = {
					C09A2945289433E100AD3AB5 = {
						CreatedOnToolsVersion = 13.4.1;
					};
				};
			};
			buildConfigurationList = C09A2941289433E100AD3AB5 /* Build configuration list for PBXProject "OpenFashion-MehmetAtes" */;
			compatibilityVersion = "Xcode 13.0";
			developmentRegion = en;
			hasScannedForEncodings = 0;
			knownRegions = (
				en,
				Base,
			);
			mainGroup = C09A293D289433E100AD3AB5;
			packageReferences = (
				C05A995F2988456800CE43AB /* XCRemoteSwiftPackageReference "Kingfisher" */,
				C05A99622988457400CE43AB /* XCRemoteSwiftPackageReference "TinyConstraints" */,
				C05A99652988458700CE43AB /* XCRemoteSwiftPackageReference "IQKeyboardManager" */,
				C05A9968298845DA00CE43AB /* XCRemoteSwiftPackageReference "Alamofire" */,
				C05A996B2988464F00CE43AB /* XCRemoteSwiftPackageReference "ios-components" */,
			);
			productRefGroup = C09A2947289433E100AD3AB5 /* Products */;
			projectDirPath = "";
			projectRoot = "";
			targets = (
				C09A2945289433E100AD3AB5 /* OpenFashion-MehmetAtes */,
			);
		};
/* End PBXProject section */

/* Begin PBXResourcesBuildPhase section */
		C09A2944289433E100AD3AB5 /* Resources */ = {
			isa = PBXResourcesBuildPhase;
			buildActionMask = 2147483647;
			files = (
				C0EF153228969E2B00C38B42 /* TenorSans-Regular.ttf in Resources */,
				C09A2956289433E200AD3AB5 /* LaunchScreen.storyboard in Resources */,
				C09A2953289433E200AD3AB5 /* Assets.xcassets in Resources */,
			);
			runOnlyForDeploymentPostprocessing = 0;
		};
/* End PBXResourcesBuildPhase section */

/* Begin PBXShellScriptBuildPhase section */
		C05A995E2988453300CE43AB /* Run Swiftlint */ = {
			isa = PBXShellScriptBuildPhase;
			buildActionMask = 2147483647;
			files = (
			);
			inputFileListPaths = (
			);
			inputPaths = (
			);
			name = "Run Swiftlint";
			outputFileListPaths = (
			);
			outputPaths = (
			);
			runOnlyForDeploymentPostprocessing = 0;
			shellPath = /bin/sh;
			shellScript = "export PATH=\"$PATH:/opt/homebrew/bin\"\nif which swiftlint > /dev/null; then\n  swiftlint\nelse\n  echo \"warning: SwiftLint not installed, download from https://github.com/realm/SwiftLint\"\nfi\n";
		};
/* End PBXShellScriptBuildPhase section */

/* Begin PBXSourcesBuildPhase section */
		C09A2942289433E100AD3AB5 /* Sources */ = {
			isa = PBXSourcesBuildPhase;
			buildActionMask = 2147483647;
			files = (
				C0D6A3162895B9D700F7A25E /* DataDecoder.swift in Sources */,
				C036F24F2899558C00174E94 /* ViewBounds.swift in Sources */,
				C013BF94298AF4840020052C /* ProductCollectionViewCell.swift in Sources */,
				C0D6A3142895B86A00F7A25E /* RequestModel.swift in Sources */,
				C0B0D6C3289BC86C006F20DC /* AppContants.swift in Sources */,
				C09A294A289433E100AD3AB5 /* AppDelegate.swift in Sources */,
				C0EF152628967B5D00C38B42 /* TabBarViewController.swift in Sources */,
				C0D6A3102895B5D800F7A25E /* NetworkService.swift in Sources */,
				C05A997F29884B3D00CE43AB /* HomeInteractor.swift in Sources */,
				C0E963872897FB7100DCB830 /* ProductModel.swift in Sources */,
				C0EF153128969A4200C38B42 /* StaticDatas.swift in Sources */,
				C036F2512899561D00174E94 /* SpaceConstants.swift in Sources */,
				C0D6A31E2895C53B00F7A25E /* IconNames.swift in Sources */,
				C036F25628995A6100174E94 /* ProductCollectionView.swift in Sources */,
				C036F24D289950B400174E94 /* NetworkConstants.swift in Sources */,
				C0B0D6CB289C0495006F20DC /* SearchViewController.swift in Sources */,
				C05A997D29884B2E00CE43AB /* HomeRouter.swift in Sources */,
				C0D6A3202895C8D800F7A25E /* ColorNames.swift in Sources */,
				C0EF152F28968CC600C38B42 /* HomeViewController2.swift in Sources */,
				C05A998529884B6000CE43AB /* HomeViewController.swift in Sources */,
				C0EF152A289683C600C38B42 /* AppTexts.swift in Sources */,
				C0B0D6CE289C09B9006F20DC /* SearchViewModel.swift in Sources */,
				C09A294C289433E100AD3AB5 /* SceneDelegate.swift in Sources */,
				C0B0D6C5289BC9F2006F20DC /* ProductCategory.swift in Sources */,
				C083D838298C240300EFC678 /* NetworkManager.swift in Sources */,
				C05A998129884B4700CE43AB /* HomePresenter.swift in Sources */,
				C0E963892897FD0100DCB830 /* HomeViewModel.swift in Sources */,
				C0EF15342896AB9F00C38B42 /* DividerView.swift in Sources */,
				C083D83B298C304800EFC678 /* HomeViewApiEnum.swift in Sources */,
			);
			runOnlyForDeploymentPostprocessing = 0;
		};
/* End PBXSourcesBuildPhase section */

/* Begin PBXVariantGroup section */
		C09A2954289433E200AD3AB5 /* LaunchScreen.storyboard */ = {
			isa = PBXVariantGroup;
			children = (
				C09A2955289433E200AD3AB5 /* Base */,
			);
			name = LaunchScreen.storyboard;
			sourceTree = "<group>";
		};
/* End PBXVariantGroup section */

/* Begin XCBuildConfiguration section */
		C09A2958289433E200AD3AB5 /* Debug */ = {
			isa = XCBuildConfiguration;
			buildSettings = {
				ALWAYS_SEARCH_USER_PATHS = NO;
				CLANG_ANALYZER_NONNULL = YES;
				CLANG_ANALYZER_NUMBER_OBJECT_CONVERSION = YES_AGGRESSIVE;
				CLANG_CXX_LANGUAGE_STANDARD = "gnu++17";
				CLANG_ENABLE_MODULES = YES;
				CLANG_ENABLE_OBJC_ARC = YES;
				CLANG_ENABLE_OBJC_WEAK = YES;
				CLANG_WARN_BLOCK_CAPTURE_AUTORELEASING = YES;
				CLANG_WARN_BOOL_CONVERSION = YES;
				CLANG_WARN_COMMA = YES;
				CLANG_WARN_CONSTANT_CONVERSION = YES;
				CLANG_WARN_DEPRECATED_OBJC_IMPLEMENTATIONS = YES;
				CLANG_WARN_DIRECT_OBJC_ISA_USAGE = YES_ERROR;
				CLANG_WARN_DOCUMENTATION_COMMENTS = YES;
				CLANG_WARN_EMPTY_BODY = YES;
				CLANG_WARN_ENUM_CONVERSION = YES;
				CLANG_WARN_INFINITE_RECURSION = YES;
				CLANG_WARN_INT_CONVERSION = YES;
				CLANG_WARN_NON_LITERAL_NULL_CONVERSION = YES;
				CLANG_WARN_OBJC_IMPLICIT_RETAIN_SELF = YES;
				CLANG_WARN_OBJC_LITERAL_CONVERSION = YES;
				CLANG_WARN_OBJC_ROOT_CLASS = YES_ERROR;
				CLANG_WARN_QUOTED_INCLUDE_IN_FRAMEWORK_HEADER = YES;
				CLANG_WARN_RANGE_LOOP_ANALYSIS = YES;
				CLANG_WARN_STRICT_PROTOTYPES = YES;
				CLANG_WARN_SUSPICIOUS_MOVE = YES;
				CLANG_WARN_UNGUARDED_AVAILABILITY = YES_AGGRESSIVE;
				CLANG_WARN_UNREACHABLE_CODE = YES;
				CLANG_WARN__DUPLICATE_METHOD_MATCH = YES;
				COPY_PHASE_STRIP = NO;
				DEBUG_INFORMATION_FORMAT = dwarf;
				ENABLE_STRICT_OBJC_MSGSEND = YES;
				ENABLE_TESTABILITY = YES;
				GCC_C_LANGUAGE_STANDARD = gnu11;
				GCC_DYNAMIC_NO_PIC = NO;
				GCC_NO_COMMON_BLOCKS = YES;
				GCC_OPTIMIZATION_LEVEL = 0;
				GCC_PREPROCESSOR_DEFINITIONS = (
					"DEBUG=1",
					"$(inherited)",
				);
				GCC_WARN_64_TO_32_BIT_CONVERSION = YES;
				GCC_WARN_ABOUT_RETURN_TYPE = YES_ERROR;
				GCC_WARN_UNDECLARED_SELECTOR = YES;
				GCC_WARN_UNINITIALIZED_AUTOS = YES_AGGRESSIVE;
				GCC_WARN_UNUSED_FUNCTION = YES;
				GCC_WARN_UNUSED_VARIABLE = YES;
				IPHONEOS_DEPLOYMENT_TARGET = 15.5;
				MTL_ENABLE_DEBUG_INFO = INCLUDE_SOURCE;
				MTL_FAST_MATH = YES;
				ONLY_ACTIVE_ARCH = YES;
				SDKROOT = iphoneos;
				SWIFT_ACTIVE_COMPILATION_CONDITIONS = DEBUG;
				SWIFT_OPTIMIZATION_LEVEL = "-Onone";
			};
			name = Debug;
		};
		C09A2959289433E200AD3AB5 /* Release */ = {
			isa = XCBuildConfiguration;
			buildSettings = {
				ALWAYS_SEARCH_USER_PATHS = NO;
				CLANG_ANALYZER_NONNULL = YES;
				CLANG_ANALYZER_NUMBER_OBJECT_CONVERSION = YES_AGGRESSIVE;
				CLANG_CXX_LANGUAGE_STANDARD = "gnu++17";
				CLANG_ENABLE_MODULES = YES;
				CLANG_ENABLE_OBJC_ARC = YES;
				CLANG_ENABLE_OBJC_WEAK = YES;
				CLANG_WARN_BLOCK_CAPTURE_AUTORELEASING = YES;
				CLANG_WARN_BOOL_CONVERSION = YES;
				CLANG_WARN_COMMA = YES;
				CLANG_WARN_CONSTANT_CONVERSION = YES;
				CLANG_WARN_DEPRECATED_OBJC_IMPLEMENTATIONS = YES;
				CLANG_WARN_DIRECT_OBJC_ISA_USAGE = YES_ERROR;
				CLANG_WARN_DOCUMENTATION_COMMENTS = YES;
				CLANG_WARN_EMPTY_BODY = YES;
				CLANG_WARN_ENUM_CONVERSION = YES;
				CLANG_WARN_INFINITE_RECURSION = YES;
				CLANG_WARN_INT_CONVERSION = YES;
				CLANG_WARN_NON_LITERAL_NULL_CONVERSION = YES;
				CLANG_WARN_OBJC_IMPLICIT_RETAIN_SELF = YES;
				CLANG_WARN_OBJC_LITERAL_CONVERSION = YES;
				CLANG_WARN_OBJC_ROOT_CLASS = YES_ERROR;
				CLANG_WARN_QUOTED_INCLUDE_IN_FRAMEWORK_HEADER = YES;
				CLANG_WARN_RANGE_LOOP_ANALYSIS = YES;
				CLANG_WARN_STRICT_PROTOTYPES = YES;
				CLANG_WARN_SUSPICIOUS_MOVE = YES;
				CLANG_WARN_UNGUARDED_AVAILABILITY = YES_AGGRESSIVE;
				CLANG_WARN_UNREACHABLE_CODE = YES;
				CLANG_WARN__DUPLICATE_METHOD_MATCH = YES;
				COPY_PHASE_STRIP = NO;
				DEBUG_INFORMATION_FORMAT = "dwarf-with-dsym";
				ENABLE_NS_ASSERTIONS = NO;
				ENABLE_STRICT_OBJC_MSGSEND = YES;
				GCC_C_LANGUAGE_STANDARD = gnu11;
				GCC_NO_COMMON_BLOCKS = YES;
				GCC_WARN_64_TO_32_BIT_CONVERSION = YES;
				GCC_WARN_ABOUT_RETURN_TYPE = YES_ERROR;
				GCC_WARN_UNDECLARED_SELECTOR = YES;
				GCC_WARN_UNINITIALIZED_AUTOS = YES_AGGRESSIVE;
				GCC_WARN_UNUSED_FUNCTION = YES;
				GCC_WARN_UNUSED_VARIABLE = YES;
				IPHONEOS_DEPLOYMENT_TARGET = 15.5;
				MTL_ENABLE_DEBUG_INFO = NO;
				MTL_FAST_MATH = YES;
				SDKROOT = iphoneos;
				SWIFT_COMPILATION_MODE = wholemodule;
				SWIFT_OPTIMIZATION_LEVEL = "-O";
				VALIDATE_PRODUCT = YES;
			};
			name = Release;
		};
		C09A295B289433E200AD3AB5 /* Debug */ = {
			isa = XCBuildConfiguration;
			buildSettings = {
				ASSETCATALOG_COMPILER_APPICON_NAME = AppIcon;
				ASSETCATALOG_COMPILER_GLOBAL_ACCENT_COLOR_NAME = AccentColor;
				CODE_SIGN_STYLE = Automatic;
				CURRENT_PROJECT_VERSION = 1;
				DEVELOPMENT_TEAM = 6PALB6K8YY;
				GENERATE_INFOPLIST_FILE = YES;
				INFOPLIST_FILE = "OpenFashion-MehmetAtes/Info.plist";
				INFOPLIST_KEY_UIApplicationSupportsIndirectInputEvents = YES;
				INFOPLIST_KEY_UILaunchStoryboardName = LaunchScreen;
				INFOPLIST_KEY_UISupportedInterfaceOrientations_iPad = "UIInterfaceOrientationPortrait UIInterfaceOrientationPortraitUpsideDown UIInterfaceOrientationLandscapeLeft UIInterfaceOrientationLandscapeRight";
				INFOPLIST_KEY_UISupportedInterfaceOrientations_iPhone = "UIInterfaceOrientationPortrait UIInterfaceOrientationLandscapeLeft UIInterfaceOrientationLandscapeRight";
				LD_RUNPATH_SEARCH_PATHS = (
					"$(inherited)",
					"@executable_path/Frameworks",
				);
				MARKETING_VERSION = 1.0;
				PRODUCT_BUNDLE_IDENTIFIER = "com.devmehmetates.OpenFashion-MehmetAtes";
				PRODUCT_NAME = "$(TARGET_NAME)";
				SWIFT_EMIT_LOC_STRINGS = YES;
				SWIFT_VERSION = 5.0;
				TARGETED_DEVICE_FAMILY = "1,2";
			};
			name = Debug;
		};
		C09A295C289433E200AD3AB5 /* Release */ = {
			isa = XCBuildConfiguration;
			buildSettings = {
				ASSETCATALOG_COMPILER_APPICON_NAME = AppIcon;
				ASSETCATALOG_COMPILER_GLOBAL_ACCENT_COLOR_NAME = AccentColor;
				CODE_SIGN_STYLE = Automatic;
				CURRENT_PROJECT_VERSION = 1;
				DEVELOPMENT_TEAM = 6PALB6K8YY;
				GENERATE_INFOPLIST_FILE = YES;
				INFOPLIST_FILE = "OpenFashion-MehmetAtes/Info.plist";
				INFOPLIST_KEY_UIApplicationSupportsIndirectInputEvents = YES;
				INFOPLIST_KEY_UILaunchStoryboardName = LaunchScreen;
				INFOPLIST_KEY_UISupportedInterfaceOrientations_iPad = "UIInterfaceOrientationPortrait UIInterfaceOrientationPortraitUpsideDown UIInterfaceOrientationLandscapeLeft UIInterfaceOrientationLandscapeRight";
				INFOPLIST_KEY_UISupportedInterfaceOrientations_iPhone = "UIInterfaceOrientationPortrait UIInterfaceOrientationLandscapeLeft UIInterfaceOrientationLandscapeRight";
				LD_RUNPATH_SEARCH_PATHS = (
					"$(inherited)",
					"@executable_path/Frameworks",
				);
				MARKETING_VERSION = 1.0;
				PRODUCT_BUNDLE_IDENTIFIER = "com.devmehmetates.OpenFashion-MehmetAtes";
				PRODUCT_NAME = "$(TARGET_NAME)";
				SWIFT_EMIT_LOC_STRINGS = YES;
				SWIFT_VERSION = 5.0;
				TARGETED_DEVICE_FAMILY = "1,2";
			};
			name = Release;
		};
/* End XCBuildConfiguration section */

/* Begin XCConfigurationList section */
		C09A2941289433E100AD3AB5 /* Build configuration list for PBXProject "OpenFashion-MehmetAtes" */ = {
			isa = XCConfigurationList;
			buildConfigurations = (
				C09A2958289433E200AD3AB5 /* Debug */,
				C09A2959289433E200AD3AB5 /* Release */,
			);
			defaultConfigurationIsVisible = 0;
			defaultConfigurationName = Release;
		};
		C09A295A289433E200AD3AB5 /* Build configuration list for PBXNativeTarget "OpenFashion-MehmetAtes" */ = {
			isa = XCConfigurationList;
			buildConfigurations = (
				C09A295B289433E200AD3AB5 /* Debug */,
				C09A295C289433E200AD3AB5 /* Release */,
			);
			defaultConfigurationIsVisible = 0;
			defaultConfigurationName = Release;
		};
/* End XCConfigurationList section */

/* Begin XCRemoteSwiftPackageReference section */
		C05A995F2988456800CE43AB /* XCRemoteSwiftPackageReference "Kingfisher" */ = {
			isa = XCRemoteSwiftPackageReference;
			repositoryURL = "https://github.com/onevcat/Kingfisher.git";
			requirement = {
				kind = upToNextMajorVersion;
				minimumVersion = 7.0.0;
			};
		};
		C05A99622988457400CE43AB /* XCRemoteSwiftPackageReference "TinyConstraints" */ = {
			isa = XCRemoteSwiftPackageReference;
			repositoryURL = "https://github.com/roberthein/TinyConstraints.git";
			requirement = {
				kind = upToNextMajorVersion;
				minimumVersion = 4.0.0;
			};
		};
		C05A99652988458700CE43AB /* XCRemoteSwiftPackageReference "IQKeyboardManager" */ = {
			isa = XCRemoteSwiftPackageReference;
			repositoryURL = "https://github.com/hackiftekhar/IQKeyboardManager.git";
			requirement = {
				branch = master;
				kind = branch;
			};
		};
		C05A9968298845DA00CE43AB /* XCRemoteSwiftPackageReference "Alamofire" */ = {
			isa = XCRemoteSwiftPackageReference;
			repositoryURL = "https://github.com/Alamofire/Alamofire.git";
			requirement = {
				branch = master;
				kind = branch;
			};
		};
		C05A996B2988464F00CE43AB /* XCRemoteSwiftPackageReference "ios-components" */ = {
			isa = XCRemoteSwiftPackageReference;
			repositoryURL = "https://github.com/Trendyol/ios-components.git";
			requirement = {
				branch = master;
				kind = branch;
			};
		};
/* End XCRemoteSwiftPackageReference section */

/* Begin XCSwiftPackageProductDependency section */
		C05A99602988456800CE43AB /* Kingfisher */ = {
			isa = XCSwiftPackageProductDependency;
			package = C05A995F2988456800CE43AB /* XCRemoteSwiftPackageReference "Kingfisher" */;
			productName = Kingfisher;
		};
		C05A99632988457400CE43AB /* TinyConstraints */ = {
			isa = XCSwiftPackageProductDependency;
			package = C05A99622988457400CE43AB /* XCRemoteSwiftPackageReference "TinyConstraints" */;
			productName = TinyConstraints;
		};
		C05A99662988458700CE43AB /* IQKeyboardManagerSwift */ = {
			isa = XCSwiftPackageProductDependency;
			package = C05A99652988458700CE43AB /* XCRemoteSwiftPackageReference "IQKeyboardManager" */;
			productName = IQKeyboardManagerSwift;
		};
		C05A9969298845DA00CE43AB /* Alamofire */ = {
			isa = XCSwiftPackageProductDependency;
			package = C05A9968298845DA00CE43AB /* XCRemoteSwiftPackageReference "Alamofire" */;
			productName = Alamofire;
		};
		C05A996C2988464F00CE43AB /* TYAutoCompleteTextField */ = {
			isa = XCSwiftPackageProductDependency;
			package = C05A996B2988464F00CE43AB /* XCRemoteSwiftPackageReference "ios-components" */;
			productName = TYAutoCompleteTextField;
		};
		C05A996E2988464F00CE43AB /* TYContinuousPagingView */ = {
			isa = XCSwiftPackageProductDependency;
			package = C05A996B2988464F00CE43AB /* XCRemoteSwiftPackageReference "ios-components" */;
			productName = TYContinuousPagingView;
		};
		C05A99702988464F00CE43AB /* TYImageSlider */ = {
			isa = XCSwiftPackageProductDependency;
			package = C05A996B2988464F00CE43AB /* XCRemoteSwiftPackageReference "ios-components" */;
			productName = TYImageSlider;
		};
		C05A99722988464F00CE43AB /* TYLinkLabel */ = {
			isa = XCSwiftPackageProductDependency;
			package = C05A996B2988464F00CE43AB /* XCRemoteSwiftPackageReference "ios-components" */;
			productName = TYLinkLabel;
		};
		C05A99742988464F00CE43AB /* TYPinchableImageView */ = {
			isa = XCSwiftPackageProductDependency;
			package = C05A996B2988464F00CE43AB /* XCRemoteSwiftPackageReference "ios-components" */;
			productName = TYPinchableImageView;
		};
		C05A99762988464F00CE43AB /* TYPropertyWrapper */ = {
			isa = XCSwiftPackageProductDependency;
			package = C05A996B2988464F00CE43AB /* XCRemoteSwiftPackageReference "ios-components" */;
			productName = TYPropertyWrapper;
		};
		C05A99782988464F00CE43AB /* TYStatusBarView */ = {
			isa = XCSwiftPackageProductDependency;
			package = C05A996B2988464F00CE43AB /* XCRemoteSwiftPackageReference "ios-components" */;
			productName = TYStatusBarView;
		};
/* End XCSwiftPackageProductDependency section */
	};
	rootObject = C09A293E289433E100AD3AB5 /* Project object */;
}
